
Microsoft Visual Studio Solution File, Format Version 12.00
# Visual Studio Version 16
VisualStudioVersion = 16.0.35026.282
MinimumVisualStudioVersion = 10.0.40219.1
Project("{FAE04EC0-301F-11D3-BF4B-00C04F79EFBC}") = "PW_4_Semenov_Ryabchenko", "PW_4_Semenov_Ryabchenko\PW_4_Semenov_Ryabchenko.csproj", "{8F2F4569-CE5D-4602-BF70-52C898E960EC}"
EndProject
Global
	GlobalSection(SolutionConfigurationPlatforms) = preSolution
		Debug|Any CPU = Debug|Any CPU
		Release|Any CPU = Release|Any CPU
	EndGlobalSection
	GlobalSection(ProjectConfigurationPlatforms) = postSolution
		{8F2F4569-CE5D-4602-BF70-52C898E960EC}.Debug|Any CPU.ActiveCfg = Debug|Any CPU
		{8F2F4569-CE5D-4602-BF70-52C898E960EC}.Debug|Any CPU.Build.0 = Debug|Any CPU
		{8F2F4569-CE5D-4602-BF70-52C898E960EC}.Release|Any CPU.ActiveCfg = Release|Any CPU
		{8F2F4569-CE5D-4602-BF70-52C898E960EC}.Release|Any CPU.Build.0 = Release|Any CPU
	EndGlobalSection
	GlobalSection(SolutionProperties) = preSolution
		HideSolutionNode = FALSE
	EndGlobalSection
	GlobalSection(ExtensibilityGlobals) = postSolution
		SolutionGuid = {E176669F-D4F1-480F-AC48-487E18461706}
	EndGlobalSection
EndGlobal
